
Microsoft Visual Studio Solution File, Format Version 12.00
# Visual Studio Version 16
VisualStudioVersion = 16.0.31729.503
MinimumVisualStudioVersion = 10.0.40219.1
Project("{FAE04EC0-301F-11D3-BF4B-00C04F79EFBC}") = "Calc.Android", "App1\App1.Android\Calc.Android.csproj", "{227CAEC0-64ED-4D82-BED0-BCE5BD959174}"
EndProject
Project("{FAE04EC0-301F-11D3-BF4B-00C04F79EFBC}") = "Calc.iOS", "App1\App1.iOS\Calc.iOS.csproj", "{FD362E9F-EDC6-4EAF-B0DD-ED9228393E8E}"
EndProject
Project("{FAE04EC0-301F-11D3-BF4B-00C04F79EFBC}") = "Calc", "App1\App1\Calc.csproj", "{4192208C-17BB-4588-AC0F-AD9AC72A303B}"
EndProject
Global
	GlobalSection(SolutionConfigurationPlatforms) = preSolution
		Debug|Any CPU = Debug|Any CPU
		Debug|iPhone = Debug|iPhone
		Debug|iPhoneSimulator = Debug|iPhoneSimulator
		Release|Any CPU = Release|Any CPU
		Release|iPhone = Release|iPhone
		Release|iPhoneSimulator = Release|iPhoneSimulator
	EndGlobalSection
	GlobalSection(ProjectConfigurationPlatforms) = postSolution
		{227CAEC0-64ED-4D82-BED0-BCE5BD959174}.Debug|Any CPU.ActiveCfg = Debug|Any CPU
		{227CAEC0-64ED-4D82-BED0-BCE5BD959174}.Debug|Any CPU.Build.0 = Debug|Any CPU
		{227CAEC0-64ED-4D82-BED0-BCE5BD959174}.Debug|Any CPU.Deploy.0 = Debug|Any CPU
		{227CAEC0-64ED-4D82-BED0-BCE5BD959174}.Debug|iPhone.ActiveCfg = Debug|Any CPU
		{227CAEC0-64ED-4D82-BED0-BCE5BD959174}.Debug|iPhone.Build.0 = Debug|Any CPU
		{227CAEC0-64ED-4D82-BED0-BCE5BD959174}.Debug|iPhone.Deploy.0 = Debug|Any CPU
		{227CAEC0-64ED-4D82-BED0-BCE5BD959174}.Debug|iPhoneSimulator.ActiveCfg = Debug|Any CPU
		{227CAEC0-64ED-4D82-BED0-BCE5BD959174}.Debug|iPhoneSimulator.Build.0 = Debug|Any CPU
		{227CAEC0-64ED-4D82-BED0-BCE5BD959174}.Debug|iPhoneSimulator.Deploy.0 = Debug|Any CPU
		{227CAEC0-64ED-4D82-BED0-BCE5BD959174}.Release|Any CPU.ActiveCfg = Release|Any CPU
		{227CAEC0-64ED-4D82-BED0-BCE5BD959174}.Release|Any CPU.Build.0 = Release|Any CPU
		{227CAEC0-64ED-4D82-BED0-BCE5BD959174}.Release|Any CPU.Deploy.0 = Release|Any CPU
		{227CAEC0-64ED-4D82-BED0-BCE5BD959174}.Release|iPhone.ActiveCfg = Release|Any CPU
		{227CAEC0-64ED-4D82-BED0-BCE5BD959174}.Release|iPhone.Build.0 = Release|Any CPU
		{227CAEC0-64ED-4D82-BED0-BCE5BD959174}.Release|iPhone.Deploy.0 = Release|Any CPU
		{227CAEC0-64ED-4D82-BED0-BCE5BD959174}.Release|iPhoneSimulator.ActiveCfg = Release|Any CPU
		{227CAEC0-64ED-4D82-BED0-BCE5BD959174}.Release|iPhoneSimulator.Build.0 = Release|Any CPU
		{227CAEC0-64ED-4D82-BED0-BCE5BD959174}.Release|iPhoneSimulator.Deploy.0 = Release|Any CPU
		{FD362E9F-EDC6-4EAF-B0DD-ED9228393E8E}.Debug|Any CPU.ActiveCfg = Debug|iPhone
		{FD362E9F-EDC6-4EAF-B0DD-ED9228393E8E}.Debug|Any CPU.Build.0 = Debug|iPhone
		{FD362E9F-EDC6-4EAF-B0DD-ED9228393E8E}.Debug|Any CPU.Deploy.0 = Debug|iPhone
		{FD362E9F-EDC6-4EAF-B0DD-ED9228393E8E}.Debug|iPhone.ActiveCfg = Debug|iPhone
		{FD362E9F-EDC6-4EAF-B0DD-ED9228393E8E}.Debug|iPhone.Build.0 = Debug|iPhone
		{FD362E9F-EDC6-4EAF-B0DD-ED9228393E8E}.Debug|iPhone.Deploy.0 = Debug|iPhone
		{FD362E9F-EDC6-4EAF-B0DD-ED9228393E8E}.Debug|iPhoneSimulator.ActiveCfg = Debug|iPhoneSimulator
		{FD362E9F-EDC6-4EAF-B0DD-ED9228393E8E}.Debug|iPhoneSimulator.Build.0 = Debug|iPhoneSimulator
		{FD362E9F-EDC6-4EAF-B0DD-ED9228393E8E}.Debug|iPhoneSimulator.Deploy.0 = Debug|iPhoneSimulator
		{FD362E9F-EDC6-4EAF-B0DD-ED9228393E8E}.Release|Any CPU.ActiveCfg = Release|iPhoneSimulator
		{FD362E9F-EDC6-4EAF-B0DD-ED9228393E8E}.Release|Any CPU.Build.0 = Release|iPhoneSimulator
		{FD362E9F-EDC6-4EAF-B0DD-ED9228393E8E}.Release|Any CPU.Deploy.0 = Release|iPhoneSimulator
		{FD362E9F-EDC6-4EAF-B0DD-ED9228393E8E}.Release|iPhone.ActiveCfg = Release|iPhone
		{FD362E9F-EDC6-4EAF-B0DD-ED9228393E8E}.Release|iPhone.Build.0 = Release|iPhone
		{FD362E9F-EDC6-4EAF-B0DD-ED9228393E8E}.Release|iPhone.Deploy.0 = Release|iPhone
		{FD362E9F-EDC6-4EAF-B0DD-ED9228393E8E}.Release|iPhoneSimulator.ActiveCfg = Release|iPhoneSimulator
		{FD362E9F-EDC6-4EAF-B0DD-ED9228393E8E}.Release|iPhoneSimulator.Build.0 = Release|iPhoneSimulator
		{FD362E9F-EDC6-4EAF-B0DD-ED9228393E8E}.Release|iPhoneSimulator.Deploy.0 = Release|iPhoneSimulator
		{4192208C-17BB-4588-AC0F-AD9AC72A303B}.Debug|Any CPU.ActiveCfg = Debug|Any CPU
		{4192208C-17BB-4588-AC0F-AD9AC72A303B}.Debug|Any CPU.Build.0 = Debug|Any CPU
		{4192208C-17BB-4588-AC0F-AD9AC72A303B}.Debug|Any CPU.Deploy.0 = Debug|Any CPU
		{4192208C-17BB-4588-AC0F-AD9AC72A303B}.Debug|iPhone.ActiveCfg = Debug|Any CPU
		{4192208C-17BB-4588-AC0F-AD9AC72A303B}.Debug|iPhone.Build.0 = Debug|Any CPU
		{4192208C-17BB-4588-AC0F-AD9AC72A303B}.Debug|iPhone.Deploy.0 = Debug|Any CPU
		{4192208C-17BB-4588-AC0F-AD9AC72A303B}.Debug|iPhoneSimulator.ActiveCfg = Debug|Any CPU
		{4192208C-17BB-4588-AC0F-AD9AC72A303B}.Debug|iPhoneSimulator.Build.0 = Debug|Any CPU
		{4192208C-17BB-4588-AC0F-AD9AC72A303B}.Debug|iPhoneSimulator.Deploy.0 = Debug|Any CPU
		{4192208C-17BB-4588-AC0F-AD9AC72A303B}.Release|Any CPU.ActiveCfg = Release|Any CPU
		{4192208C-17BB-4588-AC0F-AD9AC72A303B}.Release|Any CPU.Build.0 = Release|Any CPU
		{4192208C-17BB-4588-AC0F-AD9AC72A303B}.Release|Any CPU.Deploy.0 = Release|Any CPU
		{4192208C-17BB-4588-AC0F-AD9AC72A303B}.Release|iPhone.ActiveCfg = Release|Any CPU
		{4192208C-17BB-4588-AC0F-AD9AC72A303B}.Release|iPhone.Build.0 = Release|Any CPU
		{4192208C-17BB-4588-AC0F-AD9AC72A303B}.Release|iPhone.Deploy.0 = Release|Any CPU
		{4192208C-17BB-4588-AC0F-AD9AC72A303B}.Release|iPhoneSimulator.ActiveCfg = Release|Any CPU
		{4192208C-17BB-4588-AC0F-AD9AC72A303B}.Release|iPhoneSimulator.Build.0 = Release|Any CPU
		{4192208C-17BB-4588-AC0F-AD9AC72A303B}.Release|iPhoneSimulator.Deploy.0 = Release|Any CPU
	EndGlobalSection
	GlobalSection(SolutionProperties) = preSolution
		HideSolutionNode = FALSE
	EndGlobalSection
	GlobalSection(ExtensibilityGlobals) = postSolution
		SolutionGuid = {466A4DCD-3AF6-4DFD-81AB-7CBB0F25588F}
	EndGlobalSection
EndGlobal
